<?xml version="1.0" encoding="utf-8"?>
<Project ToolsVersion="4.0" xmlns="http://schemas.microsoft.com/developer/msbuild/2003">
  <ItemGroup>
    <Filter Include="Source Files">
      <UniqueIdentifier>{4FC737F1-C7A5-4376-A066-2A32D752A2FF}</UniqueIdentifier>
      <Extensions>cpp;c;cc;cxx;c++;cppm;ixx;def;odl;idl;hpj;bat;asm;asmx</Extensions>
    </Filter>
    <Filter Include="Header Files">
      <UniqueIdentifier>{93995380-89BD-4b04-88EB-625FBE52EBFB}</UniqueIdentifier>
      <Extensions>h;hh;hpp;hxx;h++;hm;inl;inc;ipp;xsd</Extensions>
    </Filter>
    <Filter Include="Resource Files">
      <UniqueIdentifier>{67DA6AB6-F800-4c08-8B7A-83BB121AAD01}</UniqueIdentifier>
      <Extensions>rc;ico;cur;bmp;dlg;rc2;rct;bin;rgs;gif;jpg;jpeg;jpe;resx;tiff;tif;png;wav;mfcribbon-ms</Extensions>
    </Filter>
    <Filter Include="Header Files\generated">
      <UniqueIdentifier>{5f20e7ba-0391-4bc5-8670-781b0ab80491}</UniqueIdentifier>
    </Filter>
    <Filter Include="Source Files\generated">
      <UniqueIdentifier>{ce18e0b8-f988-46ed-9a10-70e0a83a57b8}</UniqueIdentifier>
    </Filter>
    <Filter Include="Header Files\api">
      <UniqueIdentifier>{3e924f4f-a1bc-488b-b07a-29ffa913891f}</UniqueIdentifier>
    </Filter>
    <Filter Include="Source Files\api">
      <UniqueIdentifier>{d915d230-beb3-4b35-846f-09c76e618635}</UniqueIdentifier>
    </Filter>
    <Filter Include="Header Files\api\guest">
      <UniqueIdentifier>{97c4057f-3656-4d8f-82c5-00c843baac03}</UniqueIdentifier>
    </Filter>
    <Filter Include="Source Files\api\guest">
      <UniqueIdentifier>{a6e4b459-40c5-46ad-a542-7265cef43b1f}</UniqueIdentifier>
    </Filter>
  </ItemGroup>
  <ItemGroup>
    <ClInclude Include="framework.h">
      <Filter>Header Files\generated</Filter>
    </ClInclude>
    <ClInclude Include="pch.h">
      <Filter>Header Files\generated</Filter>
    </ClInclude>
    <ClInclude Include="global.h">
      <Filter>Header Files</Filter>
    </ClInclude>
    <ClInclude Include="ioctl.h">
      <Filter>Header Files</Filter>
    </ClInclude>
    <ClInclude Include="apitest.h">
      <Filter>Header Files\api</Filter>
    </ClInclude>
    <ClInclude Include="utils.h">
      <Filter>Header Files</Filter>
    </ClInclude>
    <ClInclude Include="apiept.h">
      <Filter>Header Files\api</Filter>
    </ClInclude>
    <ClInclude Include="apigeneral.h">
      <Filter>Header Files\api</Filter>
    </ClInclude>
    <ClInclude Include="apiggeneral.h">
      <Filter>Header Files\api\guest</Filter>
    </ClInclude>
  </ItemGroup>
  <ItemGroup>
    <ClCompile Include="dllmain.cpp">
      <Filter>Source Files</Filter>
    </ClCompile>
    <ClCompile Include="pch.cpp">
      <Filter>Source Files\generated</Filter>
    </ClCompile>
    <ClCompile Include="ioctl.cpp">
      <Filter>Source Files</Filter>
    </ClCompile>
    <ClCompile Include="global.cpp">
      <Filter>Source Files</Filter>
    </ClCompile>
    <ClCompile Include="apitest.cpp">
      <Filter>Source Files\api</Filter>
    </ClCompile>
    <ClCompile Include="apiept.cpp">
      <Filter>Source Files\api</Filter>
    </ClCompile>
    <ClCompile Include="apigeneral.cpp">
      <Filter>Source Files\api</Filter>
    </ClCompile>
    <ClCompile Include="apiggeneral.cpp">
      <Filter>Source Files\api\guest</Filter>
    </ClCompile>
  </ItemGroup>
</Project>